{
  "name": "Programacao imperativa",
  "lockfileVersion": 2,
  "requires": true,
  "packages": {
    "": {
      "dependencies": {
        "date-and-time": "^1.0.1"
      }
    },
    "node_modules/date-and-time": {
      "version": "1.0.1",
      "resolved": "https://registry.npmjs.org/date-and-time/-/date-and-time-1.0.1.tgz",
      "integrity": "sha512-7u+uNfnjWkX+YFQfivvW24TjaJG6ahvTrfw1auq7KlC7osuGcZBIWGBvB9UcENjH6JnLVhMqlRripk1dSHjAUA=="
    }
  },
  "dependencies": {
    "date-and-time": {
      "version": "1.0.1",
      "resolved": "https://registry.npmjs.org/date-and-time/-/date-and-time-1.0.1.tgz",
      "integrity": "sha512-7u+uNfnjWkX+YFQfivvW24TjaJG6ahvTrfw1auq7KlC7osuGcZBIWGBvB9UcENjH6JnLVhMqlRripk1dSHjAUA=="
    }
  }
}
